
Microsoft Visual Studio Solution File, Format Version 12.00
# Visual Studio 15
VisualStudioVersion = 15.0.28010.2048
MinimumVisualStudioVersion = 10.0.40219.1
Project("{9A19103F-16F7-4668-BE54-9A1E7A4F7556}") = "JafleetLine", "JafleetLine\JafleetLine.csproj", "{76663770-05F7-4645-9271-79DF3819F3CC}"
EndProject
Global
	GlobalSection(SolutionConfigurationPlatforms) = preSolution
		Debug|Any CPU = Debug|Any CPU
		Release|Any CPU = Release|Any CPU
	EndGlobalSection
	GlobalSection(ProjectConfigurationPlatforms) = postSolution
		{76663770-05F7-4645-9271-79DF3819F3CC}.Debug|Any CPU.ActiveCfg = Debug|Any CPU
		{76663770-05F7-4645-9271-79DF3819F3CC}.Debug|Any CPU.Build.0 = Debug|Any CPU
		{76663770-05F7-4645-9271-79DF3819F3CC}.Release|Any CPU.ActiveCfg = Release|Any CPU
		{76663770-05F7-4645-9271-79DF3819F3CC}.Release|Any CPU.Build.0 = Release|Any CPU
	EndGlobalSection
	GlobalSection(SolutionProperties) = preSolution
		HideSolutionNode = FALSE
	EndGlobalSection
	GlobalSection(ExtensibilityGlobals) = postSolution
		SolutionGuid = {19C24CB2-C81F-43D2-8EA3-9DDADE6A35A6}
	EndGlobalSection
EndGlobal
